
Microsoft Visual Studio Solution File, Format Version 12.00
# Visual Studio Version 16
VisualStudioVersion = 16.0.31424.327
MinimumVisualStudioVersion = 10.0.40219.1
Project("{9A19103F-16F7-4668-BE54-9A1E7A4F7556}") = "BlenderUMap", "BlenderUMap.csproj", "{F1158373-F446-4D1C-A694-04A5CED12E8E}"
EndProject
Project("{9A19103F-16F7-4668-BE54-9A1E7A4F7556}") = "CUE4Parse", "..\Dependencies\CUE4Parse\CUE4Parse\CUE4Parse.csproj", "{FEB35BFC-BB27-4086-860C-8EC567C4D3DC}"
EndProject
Project("{9A19103F-16F7-4668-BE54-9A1E7A4F7556}") = "CUE4Parse-Conversion", "..\Dependencies\CUE4Parse\CUE4Parse-Conversion\CUE4Parse-Conversion.csproj", "{2EF50AD0-D1D8-46EA-8BFE-0A4593B78316}"
EndProject
Global
	GlobalSection(SolutionConfigurationPlatforms) = preSolution
		Debug|Any CPU = Debug|Any CPU
		Release|Any CPU = Release|Any CPU
	EndGlobalSection
	GlobalSection(ProjectConfigurationPlatforms) = postSolution
		{F1158373-F446-4D1C-A694-04A5CED12E8E}.Debug|Any CPU.ActiveCfg = Debug|Any CPU
		{F1158373-F446-4D1C-A694-04A5CED12E8E}.Debug|Any CPU.Build.0 = Debug|Any CPU
		{F1158373-F446-4D1C-A694-04A5CED12E8E}.Release|Any CPU.ActiveCfg = Release|Any CPU
		{F1158373-F446-4D1C-A694-04A5CED12E8E}.Release|Any CPU.Build.0 = Release|Any CPU
		{FEB35BFC-BB27-4086-860C-8EC567C4D3DC}.Debug|Any CPU.ActiveCfg = Debug|Any CPU
		{FEB35BFC-BB27-4086-860C-8EC567C4D3DC}.Debug|Any CPU.Build.0 = Debug|Any CPU
		{FEB35BFC-BB27-4086-860C-8EC567C4D3DC}.Release|Any CPU.ActiveCfg = Release|Any CPU
		{FEB35BFC-BB27-4086-860C-8EC567C4D3DC}.Release|Any CPU.Build.0 = Release|Any CPU
		{2EF50AD0-D1D8-46EA-8BFE-0A4593B78316}.Debug|Any CPU.ActiveCfg = Debug|Any CPU
		{2EF50AD0-D1D8-46EA-8BFE-0A4593B78316}.Debug|Any CPU.Build.0 = Debug|Any CPU
		{2EF50AD0-D1D8-46EA-8BFE-0A4593B78316}.Release|Any CPU.ActiveCfg = Release|Any CPU
		{2EF50AD0-D1D8-46EA-8BFE-0A4593B78316}.Release|Any CPU.Build.0 = Release|Any CPU
	EndGlobalSection
	GlobalSection(SolutionProperties) = preSolution
		HideSolutionNode = FALSE
	EndGlobalSection
	GlobalSection(ExtensibilityGlobals) = postSolution
		SolutionGuid = {163ADE7F-77FE-4A7B-97DD-2B36F31C4A21}
	EndGlobalSection
EndGlobal
